
Microsoft Visual Studio Solution File, Format Version 12.00
# Visual Studio 15
VisualStudioVersion = 15.0.28307.106
MinimumVisualStudioVersion = 10.0.40219.1
Project("{FAE04EC0-301F-11D3-BF4B-00C04F79EFBC}") = "Recert", "Recert\Recert.csproj", "{86EDA073-7138-41FB-A932-45229D01C6DF}"
EndProject
Global
	GlobalSection(SolutionConfigurationPlatforms) = preSolution
		Debug|Any CPU = Debug|Any CPU
		Release|Any CPU = Release|Any CPU
	EndGlobalSection
	GlobalSection(ProjectConfigurationPlatforms) = postSolution
		{86EDA073-7138-41FB-A932-45229D01C6DF}.Debug|Any CPU.ActiveCfg = Debug|Any CPU
		{86EDA073-7138-41FB-A932-45229D01C6DF}.Debug|Any CPU.Build.0 = Debug|Any CPU
		{86EDA073-7138-41FB-A932-45229D01C6DF}.Release|Any CPU.ActiveCfg = Release|Any CPU
		{86EDA073-7138-41FB-A932-45229D01C6DF}.Release|Any CPU.Build.0 = Release|Any CPU
	EndGlobalSection
	GlobalSection(SolutionProperties) = preSolution
		HideSolutionNode = FALSE
	EndGlobalSection
	GlobalSection(ExtensibilityGlobals) = postSolution
		SolutionGuid = {E60CF31C-E7D3-404A-AB46-57A0187229A4}
	EndGlobalSection
EndGlobal
