
Microsoft Visual Studio Solution File, Format Version 12.00
# Visual Studio 15
VisualStudioVersion = 15.0.28307.106
MinimumVisualStudioVersion = 10.0.40219.1
Project("{FAE04EC0-301F-11D3-BF4B-00C04F79EFBC}") = "Recert.Kernel", "Recert\Recert.Kernel.csproj", "{86EDA073-7138-41FB-A932-45229D01C6DF}"
EndProject
Project("{FAE04EC0-301F-11D3-BF4B-00C04F79EFBC}") = "Recert.IO", "Recert.IO\Recert.IO.csproj", "{623CF490-7B36-4A22-97F1-C51C6143E799}"
EndProject
Project("{FAE04EC0-301F-11D3-BF4B-00C04F79EFBC}") = "Recert.UI", "Recert.UI\Recert.UI.csproj", "{EE5A93FF-D25B-471B-B307-E7A6380CC532}"
EndProject
Project("{54435603-DBB4-11D2-8724-00A0C9A8B90C}") = "Recert.Installer", "Recert.Installer\Recert.Installer.vdproj", "{3E0E11F0-C426-4220-AD9C-8CC1F82590CD}"
EndProject
Global
	GlobalSection(SolutionConfigurationPlatforms) = preSolution
		Debug|Any CPU = Debug|Any CPU
		Release|Any CPU = Release|Any CPU
	EndGlobalSection
	GlobalSection(ProjectConfigurationPlatforms) = postSolution
		{86EDA073-7138-41FB-A932-45229D01C6DF}.Debug|Any CPU.ActiveCfg = Debug|Any CPU
		{86EDA073-7138-41FB-A932-45229D01C6DF}.Debug|Any CPU.Build.0 = Debug|Any CPU
		{86EDA073-7138-41FB-A932-45229D01C6DF}.Release|Any CPU.ActiveCfg = Release|Any CPU
		{86EDA073-7138-41FB-A932-45229D01C6DF}.Release|Any CPU.Build.0 = Release|Any CPU
		{623CF490-7B36-4A22-97F1-C51C6143E799}.Debug|Any CPU.ActiveCfg = Debug|Any CPU
		{623CF490-7B36-4A22-97F1-C51C6143E799}.Debug|Any CPU.Build.0 = Debug|Any CPU
		{623CF490-7B36-4A22-97F1-C51C6143E799}.Release|Any CPU.ActiveCfg = Release|Any CPU
		{623CF490-7B36-4A22-97F1-C51C6143E799}.Release|Any CPU.Build.0 = Release|Any CPU
		{EE5A93FF-D25B-471B-B307-E7A6380CC532}.Debug|Any CPU.ActiveCfg = Debug|Any CPU
		{EE5A93FF-D25B-471B-B307-E7A6380CC532}.Debug|Any CPU.Build.0 = Debug|Any CPU
		{EE5A93FF-D25B-471B-B307-E7A6380CC532}.Release|Any CPU.ActiveCfg = Release|Any CPU
		{EE5A93FF-D25B-471B-B307-E7A6380CC532}.Release|Any CPU.Build.0 = Release|Any CPU
		{3E0E11F0-C426-4220-AD9C-8CC1F82590CD}.Debug|Any CPU.ActiveCfg = Debug
		{3E0E11F0-C426-4220-AD9C-8CC1F82590CD}.Release|Any CPU.ActiveCfg = Release
	EndGlobalSection
	GlobalSection(SolutionProperties) = preSolution
		HideSolutionNode = FALSE
	EndGlobalSection
	GlobalSection(ExtensibilityGlobals) = postSolution
		SolutionGuid = {E60CF31C-E7D3-404A-AB46-57A0187229A4}
	EndGlobalSection
EndGlobal
